
Microsoft Visual Studio Solution File, Format Version 12.00
# Visual Studio Version 17
VisualStudioVersion = 17.4.33110.190
MinimumVisualStudioVersion = 10.0.40219.1
Project("{9A19103F-16F7-4668-BE54-9A1E7A4F7556}") = "Consent.Api", "src\Consent.Api\Consent.Api.csproj", "{BC065013-097F-4AE0-A4B3-E9379B2C6B06}"
EndProject
Project("{E53339B2-1760-4266-BCC7-CA923CBCF16C}") = "docker-compose", "docker-compose.dcproj", "{DC14D6DB-B633-4CFA-8AF9-D3E7050011C0}"
EndProject
Project("{9A19103F-16F7-4668-BE54-9A1E7A4F7556}") = "Consent.Tests", "test\Consent.Tests\Consent.Tests.csproj", "{D8506CB4-D759-4C10-898F-FC5F75C0EA0F}"
EndProject
Project("{9A19103F-16F7-4668-BE54-9A1E7A4F7556}") = "Consent.Domain", "src\Consent.Domain\Consent.Domain.csproj", "{1632DBF8-B5AE-4B71-B84E-25575A0666E4}"
EndProject
Project("{9A19103F-16F7-4668-BE54-9A1E7A4F7556}") = "Consent.Storage", "src\Consent.Storage\Consent.Storage.csproj", "{EEE27C21-BE0D-404B-8DD5-4090734360A0}"
EndProject
Project("{9A19103F-16F7-4668-BE54-9A1E7A4F7556}") = "Consent.Storage.Migrator", "src\Consent.Storage.Migrator\Consent.Storage.Migrator.csproj", "{D0E5D94D-A4E8-4CA4-91C3-13072D10BB1F}"
EndProject
Project("{2150E333-8FDC-42A3-9474-1A3956D46DE8}") = "sql-server-container", "sql-server-container", "{F062A78D-C7F0-4B4A-A9EC-F7AD8F161B35}"
	ProjectSection(SolutionItems) = preProject
		sql-server-container\Dockerfile = sql-server-container\Dockerfile
		sql-server-container\entrypoint.sh = sql-server-container\entrypoint.sh
		sql-server-container\initialize-database.sql = sql-server-container\initialize-database.sql
		sql-server-container\setup-database.sh = sql-server-container\setup-database.sh
	EndProjectSection
EndProject
Project("{2150E333-8FDC-42A3-9474-1A3956D46DE8}") = "Solution Items", "Solution Items", "{0F0EB6B8-4969-4836-A7DE-285B5A6D9C5C}"
	ProjectSection(SolutionItems) = preProject
		.editorconfig = .editorconfig
	EndProjectSection
EndProject
Project("{FAE04EC0-301F-11D3-BF4B-00C04F79EFBC}") = "Consent.Api.Client", "src\Consent.Api.Client\Consent.Api.Client.csproj", "{4E9FA82F-0C79-4031-B172-BEB5149A24F6}"
EndProject
Global
	GlobalSection(SolutionConfigurationPlatforms) = preSolution
		Debug|Any CPU = Debug|Any CPU
		Release|Any CPU = Release|Any CPU
	EndGlobalSection
	GlobalSection(ProjectConfigurationPlatforms) = postSolution
		{BC065013-097F-4AE0-A4B3-E9379B2C6B06}.Debug|Any CPU.ActiveCfg = Debug|Any CPU
		{BC065013-097F-4AE0-A4B3-E9379B2C6B06}.Debug|Any CPU.Build.0 = Debug|Any CPU
		{BC065013-097F-4AE0-A4B3-E9379B2C6B06}.Release|Any CPU.ActiveCfg = Release|Any CPU
		{BC065013-097F-4AE0-A4B3-E9379B2C6B06}.Release|Any CPU.Build.0 = Release|Any CPU
		{DC14D6DB-B633-4CFA-8AF9-D3E7050011C0}.Debug|Any CPU.ActiveCfg = Debug|Any CPU
		{DC14D6DB-B633-4CFA-8AF9-D3E7050011C0}.Debug|Any CPU.Build.0 = Debug|Any CPU
		{DC14D6DB-B633-4CFA-8AF9-D3E7050011C0}.Release|Any CPU.ActiveCfg = Release|Any CPU
		{DC14D6DB-B633-4CFA-8AF9-D3E7050011C0}.Release|Any CPU.Build.0 = Release|Any CPU
		{D8506CB4-D759-4C10-898F-FC5F75C0EA0F}.Debug|Any CPU.ActiveCfg = Debug|Any CPU
		{D8506CB4-D759-4C10-898F-FC5F75C0EA0F}.Debug|Any CPU.Build.0 = Debug|Any CPU
		{D8506CB4-D759-4C10-898F-FC5F75C0EA0F}.Release|Any CPU.ActiveCfg = Release|Any CPU
		{D8506CB4-D759-4C10-898F-FC5F75C0EA0F}.Release|Any CPU.Build.0 = Release|Any CPU
		{1632DBF8-B5AE-4B71-B84E-25575A0666E4}.Debug|Any CPU.ActiveCfg = Debug|Any CPU
		{1632DBF8-B5AE-4B71-B84E-25575A0666E4}.Debug|Any CPU.Build.0 = Debug|Any CPU
		{1632DBF8-B5AE-4B71-B84E-25575A0666E4}.Release|Any CPU.ActiveCfg = Release|Any CPU
		{1632DBF8-B5AE-4B71-B84E-25575A0666E4}.Release|Any CPU.Build.0 = Release|Any CPU
		{EEE27C21-BE0D-404B-8DD5-4090734360A0}.Debug|Any CPU.ActiveCfg = Debug|Any CPU
		{EEE27C21-BE0D-404B-8DD5-4090734360A0}.Debug|Any CPU.Build.0 = Debug|Any CPU
		{EEE27C21-BE0D-404B-8DD5-4090734360A0}.Release|Any CPU.ActiveCfg = Release|Any CPU
		{EEE27C21-BE0D-404B-8DD5-4090734360A0}.Release|Any CPU.Build.0 = Release|Any CPU
		{D0E5D94D-A4E8-4CA4-91C3-13072D10BB1F}.Debug|Any CPU.ActiveCfg = Debug|Any CPU
		{D0E5D94D-A4E8-4CA4-91C3-13072D10BB1F}.Debug|Any CPU.Build.0 = Debug|Any CPU
		{D0E5D94D-A4E8-4CA4-91C3-13072D10BB1F}.Release|Any CPU.ActiveCfg = Release|Any CPU
		{D0E5D94D-A4E8-4CA4-91C3-13072D10BB1F}.Release|Any CPU.Build.0 = Release|Any CPU
		{4E9FA82F-0C79-4031-B172-BEB5149A24F6}.Debug|Any CPU.ActiveCfg = Debug|Any CPU
		{4E9FA82F-0C79-4031-B172-BEB5149A24F6}.Debug|Any CPU.Build.0 = Debug|Any CPU
		{4E9FA82F-0C79-4031-B172-BEB5149A24F6}.Release|Any CPU.ActiveCfg = Release|Any CPU
		{4E9FA82F-0C79-4031-B172-BEB5149A24F6}.Release|Any CPU.Build.0 = Release|Any CPU
	EndGlobalSection
	GlobalSection(SolutionProperties) = preSolution
		HideSolutionNode = FALSE
	EndGlobalSection
	GlobalSection(ExtensibilityGlobals) = postSolution
		SolutionGuid = {36F5A177-6752-45EA-B198-AD7008AC8261}
	EndGlobalSection
EndGlobal
